{
  "pins" : [
    {
      "identity" : "uiviewcanvas",
      "kind" : "remoteSourceControl",
      "location" : "https://github.com/outrowender/UIViewCanvas",
      "state" : {
        "branch" : "main",
        "revision" : "64735ab88ed751c1afa9be2b564f12894c369ff7"
      }
    }
  ],
  "version" : 2
}
