// !$*UTF8*$!
{
	archiveVersion = 1;
	classes = {
	};
	objectVersion = 55;
	objects = {

/* Begin PBXBuildFile section */
		9915B007283D0CDB00D3586B /* CategoryProvider.swift in Sources */ = {isa = PBXBuildFile; fileRef = 9915B006283D0CDB00D3586B /* CategoryProvider.swift */; };
		993EDB07282C541C00BD2172 /* AddCategoryViewController.swift in Sources */ = {isa = PBXBuildFile; fileRef = 993EDB06282C541C00BD2172 /* AddCategoryViewController.swift */; };
		993EDB09282C549800BD2172 /* AddCategoryView.swift in Sources */ = {isa = PBXBuildFile; fileRef = 993EDB08282C549800BD2172 /* AddCategoryView.swift */; };
		993EDB0B282C5AF200BD2172 /* AddCategoryCoordinator.swift in Sources */ = {isa = PBXBuildFile; fileRef = 993EDB0A282C5AF200BD2172 /* AddCategoryCoordinator.swift */; };
		993EDB0D282D1EE600BD2172 /* CategoryViewModel.swift in Sources */ = {isa = PBXBuildFile; fileRef = 993EDB0C282D1EE600BD2172 /* CategoryViewModel.swift */; };
		993EDB0F282D3F1600BD2172 /* CategoryModel.swift in Sources */ = {isa = PBXBuildFile; fileRef = 993EDB0E282D3F1600BD2172 /* CategoryModel.swift */; };
		993EDB11282D412500BD2172 /* TransactionTableViewExtension.swift in Sources */ = {isa = PBXBuildFile; fileRef = 993EDB10282D412500BD2172 /* TransactionTableViewExtension.swift */; };
		993EDB13282D441500BD2172 /* TransactionModel.swift in Sources */ = {isa = PBXBuildFile; fileRef = 993EDB12282D441500BD2172 /* TransactionModel.swift */; };
		993EDB15282D442A00BD2172 /* TransactionViewModel.swift in Sources */ = {isa = PBXBuildFile; fileRef = 993EDB14282D442A00BD2172 /* TransactionViewModel.swift */; };
		993EDB17282D4BB700BD2172 /* TransactionTableViewCell.swift in Sources */ = {isa = PBXBuildFile; fileRef = 993EDB16282D4BB700BD2172 /* TransactionTableViewCell.swift */; };
		9950D891281974B900CF6DFD /* GenderEnums.swift in Sources */ = {isa = PBXBuildFile; fileRef = 9950D890281974B900CF6DFD /* GenderEnums.swift */; };
		9950D89328197E9400CF6DFD /* Collection+.swift in Sources */ = {isa = PBXBuildFile; fileRef = 9950D89228197E9400CF6DFD /* Collection+.swift */; };
		9950D89528197EA200CF6DFD /* StringProtocol+.swift in Sources */ = {isa = PBXBuildFile; fileRef = 9950D89428197EA200CF6DFD /* StringProtocol+.swift */; };
		9950D8982819C6B600CF6DFD /* UserProvider.swift in Sources */ = {isa = PBXBuildFile; fileRef = 9950D8972819C6B600CF6DFD /* UserProvider.swift */; };
		9950D89B2819C86100CF6DFD /* UserModel.swift in Sources */ = {isa = PBXBuildFile; fileRef = 9950D89A2819C86100CF6DFD /* UserModel.swift */; };
		9950D89E2819C88E00CF6DFD /* UserViewModel.swift in Sources */ = {isa = PBXBuildFile; fileRef = 9950D89D2819C88E00CF6DFD /* UserViewModel.swift */; };
		9950D8A1281AC39200CF6DFD /* CEPModel.swift in Sources */ = {isa = PBXBuildFile; fileRef = 9950D8A0281AC39200CF6DFD /* CEPModel.swift */; };
		9950D8A3281AC61E00CF6DFD /* CEPViewModel.swift in Sources */ = {isa = PBXBuildFile; fileRef = 9950D8A2281AC61E00CF6DFD /* CEPViewModel.swift */; };
		9950D8A5281ACA9000CF6DFD /* CEPProvider.swift in Sources */ = {isa = PBXBuildFile; fileRef = 9950D8A4281ACA9000CF6DFD /* CEPProvider.swift */; };
		9950D8A7281AFFBD00CF6DFD /* UIViewController+.swift in Sources */ = {isa = PBXBuildFile; fileRef = 9950D8A6281AFFBD00CF6DFD /* UIViewController+.swift */; };
		9950D8AC281B291700CF6DFD /* LoginCoordinator.swift in Sources */ = {isa = PBXBuildFile; fileRef = 9950D8AB281B291700CF6DFD /* LoginCoordinator.swift */; };
		9950D8AE281B2A4800CF6DFD /* LoginViewController.swift in Sources */ = {isa = PBXBuildFile; fileRef = 9950D8AD281B2A4800CF6DFD /* LoginViewController.swift */; };
		9950D8B2281B2E5400CF6DFD /* LoginView.swift in Sources */ = {isa = PBXBuildFile; fileRef = 9950D8B1281B2E5400CF6DFD /* LoginView.swift */; };
		9950D8B4281B2EE900CF6DFD /* LoginViewConstraints.swift in Sources */ = {isa = PBXBuildFile; fileRef = 9950D8B3281B2EE900CF6DFD /* LoginViewConstraints.swift */; };
		9950D8B6281B376F00CF6DFD /* KeychainHelper.swift in Sources */ = {isa = PBXBuildFile; fileRef = 9950D8B5281B376F00CF6DFD /* KeychainHelper.swift */; };
		996076E4282012D4002B8229 /* ProfileCoordinator.swift in Sources */ = {isa = PBXBuildFile; fileRef = 996076E3282012D4002B8229 /* ProfileCoordinator.swift */; };
		996076E72820135D002B8229 /* ProfileViewController.swift in Sources */ = {isa = PBXBuildFile; fileRef = 996076E62820135D002B8229 /* ProfileViewController.swift */; };
		996076EA28201373002B8229 /* ProfileView.swift in Sources */ = {isa = PBXBuildFile; fileRef = 996076E928201373002B8229 /* ProfileView.swift */; };
		996076EC28201606002B8229 /* ProfileModel.swift in Sources */ = {isa = PBXBuildFile; fileRef = 996076EB28201606002B8229 /* ProfileModel.swift */; };
		996076EE28201700002B8229 /* ProfileViewModel.swift in Sources */ = {isa = PBXBuildFile; fileRef = 996076ED28201700002B8229 /* ProfileViewModel.swift */; };
		9960770228216300002B8229 /* ResumeView.swift in Sources */ = {isa = PBXBuildFile; fileRef = 9960770128216300002B8229 /* ResumeView.swift */; };
		9960770528216CD2002B8229 /* TransactionViewController.swift in Sources */ = {isa = PBXBuildFile; fileRef = 9960770428216CD2002B8229 /* TransactionViewController.swift */; };
		9960770728216D07002B8229 /* TransactionCoordinator.swift in Sources */ = {isa = PBXBuildFile; fileRef = 9960770628216D07002B8229 /* TransactionCoordinator.swift */; };
		9960770E282405E9002B8229 /* AddressCoordinator.swift in Sources */ = {isa = PBXBuildFile; fileRef = 9960770D282405E9002B8229 /* AddressCoordinator.swift */; };
		9960771028240690002B8229 /* CoordinatorViewModel.swift in Sources */ = {isa = PBXBuildFile; fileRef = 9960770F28240690002B8229 /* CoordinatorViewModel.swift */; };
		99607712282406CF002B8229 /* AddressViewModel.swift in Sources */ = {isa = PBXBuildFile; fileRef = 99607711282406CF002B8229 /* AddressViewModel.swift */; };
		99607715282408A3002B8229 /* AddressViewController.swift in Sources */ = {isa = PBXBuildFile; fileRef = 99607714282408A3002B8229 /* AddressViewController.swift */; };
		9960771728240A60002B8229 /* RegisterCoordinator.swift in Sources */ = {isa = PBXBuildFile; fileRef = 9960771628240A60002B8229 /* RegisterCoordinator.swift */; };
		9960771A28241CC4002B8229 /* AddressRegisterView.swift in Sources */ = {isa = PBXBuildFile; fileRef = 9960771828241CC4002B8229 /* AddressRegisterView.swift */; };
		9960771B28241CC4002B8229 /* AddressRegisterViewExtensions.swift in Sources */ = {isa = PBXBuildFile; fileRef = 9960771928241CC4002B8229 /* AddressRegisterViewExtensions.swift */; };
		9960771E2825B8ED002B8229 /* Model.xcdatamodeld in Sources */ = {isa = PBXBuildFile; fileRef = 9960771C2825B8ED002B8229 /* Model.xcdatamodeld */; };
		99607723282A7A78002B8229 /* HomeTabBarViewController.swift in Sources */ = {isa = PBXBuildFile; fileRef = 99607722282A7A78002B8229 /* HomeTabBarViewController.swift */; };
		99607725282A7B5A002B8229 /* TabBarCoordinator.swift in Sources */ = {isa = PBXBuildFile; fileRef = 99607724282A7B5A002B8229 /* TabBarCoordinator.swift */; };
		99607727282A9E64002B8229 /* CategoryCoordinator.swift in Sources */ = {isa = PBXBuildFile; fileRef = 99607726282A9E64002B8229 /* CategoryCoordinator.swift */; };
		9960772A282A9F02002B8229 /* CategoryViewController.swift in Sources */ = {isa = PBXBuildFile; fileRef = 99607729282A9F02002B8229 /* CategoryViewController.swift */; };
		9960772D282AA152002B8229 /* TransactionView.swift in Sources */ = {isa = PBXBuildFile; fileRef = 9960772C282AA152002B8229 /* TransactionView.swift */; };
		9960772F282BEF58002B8229 /* ViewInputOutput.swift in Sources */ = {isa = PBXBuildFile; fileRef = 9960772E282BEF58002B8229 /* ViewInputOutput.swift */; };
		99607732282C40E0002B8229 /* CategoryView.swift in Sources */ = {isa = PBXBuildFile; fileRef = 99607731282C40E0002B8229 /* CategoryView.swift */; };
		996B44F8280EF41B00DB7552 /* AppDelegate.swift in Sources */ = {isa = PBXBuildFile; fileRef = 996B44F7280EF41B00DB7552 /* AppDelegate.swift */; };
		996B44FA280EF41B00DB7552 /* SceneDelegate.swift in Sources */ = {isa = PBXBuildFile; fileRef = 996B44F9280EF41B00DB7552 /* SceneDelegate.swift */; };
		996B4501280EF41E00DB7552 /* Assets.xcassets in Resources */ = {isa = PBXBuildFile; fileRef = 996B4500280EF41E00DB7552 /* Assets.xcassets */; };
		996B4504280EF41E00DB7552 /* LaunchScreen.storyboard in Resources */ = {isa = PBXBuildFile; fileRef = 996B4502280EF41E00DB7552 /* LaunchScreen.storyboard */; };
		996B450F280EF41E00DB7552 /* AppLoucoTests.swift in Sources */ = {isa = PBXBuildFile; fileRef = 996B450E280EF41E00DB7552 /* AppLoucoTests.swift */; };
		996B4519280EF41E00DB7552 /* AppLoucoUITests.swift in Sources */ = {isa = PBXBuildFile; fileRef = 996B4518280EF41E00DB7552 /* AppLoucoUITests.swift */; };
		996B451B280EF41E00DB7552 /* AppLoucoUITestsLaunchTests.swift in Sources */ = {isa = PBXBuildFile; fileRef = 996B451A280EF41E00DB7552 /* AppLoucoUITestsLaunchTests.swift */; };
		996B452B280EF51500DB7552 /* TextFieldDefault.swift in Sources */ = {isa = PBXBuildFile; fileRef = 996B452A280EF51500DB7552 /* TextFieldDefault.swift */; };
		996B452C280EF51500DB7552 /* TextFieldDefault.swift in Sources */ = {isa = PBXBuildFile; fileRef = 996B452A280EF51500DB7552 /* TextFieldDefault.swift */; };
		996B4530280EF56400DB7552 /* RegisterViewController.swift in Sources */ = {isa = PBXBuildFile; fileRef = 996B452F280EF56400DB7552 /* RegisterViewController.swift */; };
		996B4531280EF56400DB7552 /* RegisterViewController.swift in Sources */ = {isa = PBXBuildFile; fileRef = 996B452F280EF56400DB7552 /* RegisterViewController.swift */; };
		996B4535280EF5AF00DB7552 /* RegisterView.swift in Sources */ = {isa = PBXBuildFile; fileRef = 996B4534280EF5AF00DB7552 /* RegisterView.swift */; };
		996B4536280EF5AF00DB7552 /* RegisterView.swift in Sources */ = {isa = PBXBuildFile; fileRef = 996B4534280EF5AF00DB7552 /* RegisterView.swift */; };
		996B4538280EF60E00DB7552 /* LabelDefault.swift in Sources */ = {isa = PBXBuildFile; fileRef = 996B4537280EF60E00DB7552 /* LabelDefault.swift */; };
		996B4539280EF60E00DB7552 /* LabelDefault.swift in Sources */ = {isa = PBXBuildFile; fileRef = 996B4537280EF60E00DB7552 /* LabelDefault.swift */; };
		996B453B280EF7DC00DB7552 /* ButtonDefault.swift in Sources */ = {isa = PBXBuildFile; fileRef = 996B453A280EF7DC00DB7552 /* ButtonDefault.swift */; };
		996B453C280EF7DC00DB7552 /* ButtonDefault.swift in Sources */ = {isa = PBXBuildFile; fileRef = 996B453A280EF7DC00DB7552 /* ButtonDefault.swift */; };
		996B453E280F03A400DB7552 /* RegisterViewConstraints.swift in Sources */ = {isa = PBXBuildFile; fileRef = 996B453D280F03A400DB7552 /* RegisterViewConstraints.swift */; };
		996B453F280F03A400DB7552 /* RegisterViewConstraints.swift in Sources */ = {isa = PBXBuildFile; fileRef = 996B453D280F03A400DB7552 /* RegisterViewConstraints.swift */; };
		9975CD0A2810447300D6027A /* UIColor+.swift in Sources */ = {isa = PBXBuildFile; fileRef = 9975CD092810447300D6027A /* UIColor+.swift */; };
		9975CD0D2810460D00D6027A /* Coordinator.swift in Sources */ = {isa = PBXBuildFile; fileRef = 9975CD0C2810460D00D6027A /* Coordinator.swift */; };
		9975CD1328106B0400D6027A /* UIView+.swift in Sources */ = {isa = PBXBuildFile; fileRef = 9975CD1228106B0400D6027A /* UIView+.swift */; };
		9975CD1528106E8400D6027A /* String+.swift in Sources */ = {isa = PBXBuildFile; fileRef = 9975CD1428106E8400D6027A /* String+.swift */; };
		9975CD1A281080D600D6027A /* ViewControllerDefault.swift in Sources */ = {isa = PBXBuildFile; fileRef = 9975CD19281080D600D6027A /* ViewControllerDefault.swift */; };
		9975CD1C2810863900D6027A /* ViewDefault.swift in Sources */ = {isa = PBXBuildFile; fileRef = 9975CD1B2810863900D6027A /* ViewDefault.swift */; };
		9975CD1E28108DBD00D6027A /* ScrollView+.swift in Sources */ = {isa = PBXBuildFile; fileRef = 9975CD1D28108DBD00D6027A /* ScrollView+.swift */; };
		9975CD2028109AFC00D6027A /* Numeric+.swift in Sources */ = {isa = PBXBuildFile; fileRef = 9975CD1F28109AFC00D6027A /* Numeric+.swift */; };
		9975CD2228109B3C00D6027A /* Formatter+.swift in Sources */ = {isa = PBXBuildFile; fileRef = 9975CD2128109B3C00D6027A /* Formatter+.swift */; };
		9975CD2528109F9200D6027A /* RegExp.swift in Sources */ = {isa = PBXBuildFile; fileRef = 9975CD2428109F9200D6027A /* RegExp.swift */; };
		9975CD2B2810B7AA00D6027A /* ToolbarPickerView.swift in Sources */ = {isa = PBXBuildFile; fileRef = 9975CD2A2810B7AA00D6027A /* ToolbarPickerView.swift */; };
		9975CD2E2810BA7B00D6027A /* AgeEnums.swift in Sources */ = {isa = PBXBuildFile; fileRef = 9975CD2D2810BA7B00D6027A /* AgeEnums.swift */; };
		99B995ED281C2119004ED88C /* ResumeCoordinator.swift in Sources */ = {isa = PBXBuildFile; fileRef = 99B995EC281C2119004ED88C /* ResumeCoordinator.swift */; };
		99B995F0281C2169004ED88C /* ResumeViewController.swift in Sources */ = {isa = PBXBuildFile; fileRef = 99B995EF281C2169004ED88C /* ResumeViewController.swift */; };
/* End PBXBuildFile section */

/* Begin PBXContainerItemProxy section */
		996B450B280EF41E00DB7552 /* PBXContainerItemProxy */ = {
			isa = PBXContainerItemProxy;
			containerPortal = 996B44EC280EF41B00DB7552 /* Project object */;
			proxyType = 1;
			remoteGlobalIDString = 996B44F3280EF41B00DB7552;
			remoteInfo = AppLouco;
		};
		996B4515280EF41E00DB7552 /* PBXContainerItemProxy */ = {
			isa = PBXContainerItemProxy;
			containerPortal = 996B44EC280EF41B00DB7552 /* Project object */;
			proxyType = 1;
			remoteGlobalIDString = 996B44F3280EF41B00DB7552;
			remoteInfo = AppLouco;
		};
/* End PBXContainerItemProxy section */

/* Begin PBXFileReference section */
		9915B006283D0CDB00D3586B /* CategoryProvider.swift */ = {isa = PBXFileReference; lastKnownFileType = sourcecode.swift; path = CategoryProvider.swift; sourceTree = "<group>"; };
		993EDB06282C541C00BD2172 /* AddCategoryViewController.swift */ = {isa = PBXFileReference; lastKnownFileType = sourcecode.swift; path = AddCategoryViewController.swift; sourceTree = "<group>"; };
		993EDB08282C549800BD2172 /* AddCategoryView.swift */ = {isa = PBXFileReference; lastKnownFileType = sourcecode.swift; path = AddCategoryView.swift; sourceTree = "<group>"; };
		993EDB0A282C5AF200BD2172 /* AddCategoryCoordinator.swift */ = {isa = PBXFileReference; lastKnownFileType = sourcecode.swift; path = AddCategoryCoordinator.swift; sourceTree = "<group>"; };
		993EDB0C282D1EE600BD2172 /* CategoryViewModel.swift */ = {isa = PBXFileReference; lastKnownFileType = sourcecode.swift; path = CategoryViewModel.swift; sourceTree = "<group>"; };
		993EDB0E282D3F1600BD2172 /* CategoryModel.swift */ = {isa = PBXFileReference; lastKnownFileType = sourcecode.swift; path = CategoryModel.swift; sourceTree = "<group>"; };
		993EDB10282D412500BD2172 /* TransactionTableViewExtension.swift */ = {isa = PBXFileReference; lastKnownFileType = sourcecode.swift; path = TransactionTableViewExtension.swift; sourceTree = "<group>"; };
		993EDB12282D441500BD2172 /* TransactionModel.swift */ = {isa = PBXFileReference; lastKnownFileType = sourcecode.swift; path = TransactionModel.swift; sourceTree = "<group>"; };
		993EDB14282D442A00BD2172 /* TransactionViewModel.swift */ = {isa = PBXFileReference; lastKnownFileType = sourcecode.swift; path = TransactionViewModel.swift; sourceTree = "<group>"; };
		993EDB16282D4BB700BD2172 /* TransactionTableViewCell.swift */ = {isa = PBXFileReference; lastKnownFileType = sourcecode.swift; path = TransactionTableViewCell.swift; sourceTree = "<group>"; };
		9950D890281974B900CF6DFD /* GenderEnums.swift */ = {isa = PBXFileReference; lastKnownFileType = sourcecode.swift; path = GenderEnums.swift; sourceTree = "<group>"; };
		9950D89228197E9400CF6DFD /* Collection+.swift */ = {isa = PBXFileReference; lastKnownFileType = sourcecode.swift; path = "Collection+.swift"; sourceTree = "<group>"; };
		9950D89428197EA200CF6DFD /* StringProtocol+.swift */ = {isa = PBXFileReference; lastKnownFileType = sourcecode.swift; path = "StringProtocol+.swift"; sourceTree = "<group>"; };
		9950D8972819C6B600CF6DFD /* UserProvider.swift */ = {isa = PBXFileReference; lastKnownFileType = sourcecode.swift; path = UserProvider.swift; sourceTree = "<group>"; };
		9950D89A2819C86100CF6DFD /* UserModel.swift */ = {isa = PBXFileReference; lastKnownFileType = sourcecode.swift; path = UserModel.swift; sourceTree = "<group>"; };
		9950D89D2819C88E00CF6DFD /* UserViewModel.swift */ = {isa = PBXFileReference; lastKnownFileType = sourcecode.swift; path = UserViewModel.swift; sourceTree = "<group>"; };
		9950D8A0281AC39200CF6DFD /* CEPModel.swift */ = {isa = PBXFileReference; lastKnownFileType = sourcecode.swift; path = CEPModel.swift; sourceTree = "<group>"; };
		9950D8A2281AC61E00CF6DFD /* CEPViewModel.swift */ = {isa = PBXFileReference; lastKnownFileType = sourcecode.swift; path = CEPViewModel.swift; sourceTree = "<group>"; };
		9950D8A4281ACA9000CF6DFD /* CEPProvider.swift */ = {isa = PBXFileReference; lastKnownFileType = sourcecode.swift; path = CEPProvider.swift; sourceTree = "<group>"; };
		9950D8A6281AFFBD00CF6DFD /* UIViewController+.swift */ = {isa = PBXFileReference; lastKnownFileType = sourcecode.swift; path = "UIViewController+.swift"; sourceTree = "<group>"; };
		9950D8A9281B0C5700CF6DFD /* Security.framework */ = {isa = PBXFileReference; lastKnownFileType = wrapper.framework; name = Security.framework; path = System/Library/Frameworks/Security.framework; sourceTree = SDKROOT; };
		9950D8AB281B291700CF6DFD /* LoginCoordinator.swift */ = {isa = PBXFileReference; lastKnownFileType = sourcecode.swift; path = LoginCoordinator.swift; sourceTree = "<group>"; };
		9950D8AD281B2A4800CF6DFD /* LoginViewController.swift */ = {isa = PBXFileReference; lastKnownFileType = sourcecode.swift; path = LoginViewController.swift; sourceTree = "<group>"; };
		9950D8B1281B2E5400CF6DFD /* LoginView.swift */ = {isa = PBXFileReference; lastKnownFileType = sourcecode.swift; path = LoginView.swift; sourceTree = "<group>"; };
		9950D8B3281B2EE900CF6DFD /* LoginViewConstraints.swift */ = {isa = PBXFileReference; lastKnownFileType = sourcecode.swift; path = LoginViewConstraints.swift; sourceTree = "<group>"; };
		9950D8B5281B376F00CF6DFD /* KeychainHelper.swift */ = {isa = PBXFileReference; lastKnownFileType = sourcecode.swift; path = KeychainHelper.swift; sourceTree = "<group>"; };
		996076E3282012D4002B8229 /* ProfileCoordinator.swift */ = {isa = PBXFileReference; lastKnownFileType = sourcecode.swift; path = ProfileCoordinator.swift; sourceTree = "<group>"; };
		996076E62820135D002B8229 /* ProfileViewController.swift */ = {isa = PBXFileReference; lastKnownFileType = sourcecode.swift; path = ProfileViewController.swift; sourceTree = "<group>"; };
		996076E928201373002B8229 /* ProfileView.swift */ = {isa = PBXFileReference; lastKnownFileType = sourcecode.swift; path = ProfileView.swift; sourceTree = "<group>"; };
		996076EB28201606002B8229 /* ProfileModel.swift */ = {isa = PBXFileReference; lastKnownFileType = sourcecode.swift; path = ProfileModel.swift; sourceTree = "<group>"; };
		996076ED28201700002B8229 /* ProfileViewModel.swift */ = {isa = PBXFileReference; lastKnownFileType = sourcecode.swift; path = ProfileViewModel.swift; sourceTree = "<group>"; };
		9960770128216300002B8229 /* ResumeView.swift */ = {isa = PBXFileReference; lastKnownFileType = sourcecode.swift; path = ResumeView.swift; sourceTree = "<group>"; };
		9960770428216CD2002B8229 /* TransactionViewController.swift */ = {isa = PBXFileReference; lastKnownFileType = sourcecode.swift; path = TransactionViewController.swift; sourceTree = "<group>"; };
		9960770628216D07002B8229 /* TransactionCoordinator.swift */ = {isa = PBXFileReference; lastKnownFileType = sourcecode.swift; path = TransactionCoordinator.swift; sourceTree = "<group>"; };
		9960770D282405E9002B8229 /* AddressCoordinator.swift */ = {isa = PBXFileReference; lastKnownFileType = sourcecode.swift; path = AddressCoordinator.swift; sourceTree = "<group>"; };
		9960770F28240690002B8229 /* CoordinatorViewModel.swift */ = {isa = PBXFileReference; lastKnownFileType = sourcecode.swift; path = CoordinatorViewModel.swift; sourceTree = "<group>"; };
		99607711282406CF002B8229 /* AddressViewModel.swift */ = {isa = PBXFileReference; lastKnownFileType = sourcecode.swift; path = AddressViewModel.swift; sourceTree = "<group>"; };
		99607714282408A3002B8229 /* AddressViewController.swift */ = {isa = PBXFileReference; lastKnownFileType = sourcecode.swift; path = AddressViewController.swift; sourceTree = "<group>"; };
		9960771628240A60002B8229 /* RegisterCoordinator.swift */ = {isa = PBXFileReference; fileEncoding = 4; lastKnownFileType = sourcecode.swift; path = RegisterCoordinator.swift; sourceTree = "<group>"; };
		9960771828241CC4002B8229 /* AddressRegisterView.swift */ = {isa = PBXFileReference; fileEncoding = 4; lastKnownFileType = sourcecode.swift; path = AddressRegisterView.swift; sourceTree = "<group>"; };
		9960771928241CC4002B8229 /* AddressRegisterViewExtensions.swift */ = {isa = PBXFileReference; fileEncoding = 4; lastKnownFileType = sourcecode.swift; path = AddressRegisterViewExtensions.swift; sourceTree = "<group>"; };
		9960771D2825B8ED002B8229 /* Model.xcdatamodel */ = {isa = PBXFileReference; lastKnownFileType = wrapper.xcdatamodel; path = Model.xcdatamodel; sourceTree = "<group>"; };
		99607722282A7A78002B8229 /* HomeTabBarViewController.swift */ = {isa = PBXFileReference; lastKnownFileType = sourcecode.swift; path = HomeTabBarViewController.swift; sourceTree = "<group>"; };
		99607724282A7B5A002B8229 /* TabBarCoordinator.swift */ = {isa = PBXFileReference; lastKnownFileType = sourcecode.swift; path = TabBarCoordinator.swift; sourceTree = "<group>"; };
		99607726282A9E64002B8229 /* CategoryCoordinator.swift */ = {isa = PBXFileReference; lastKnownFileType = sourcecode.swift; path = CategoryCoordinator.swift; sourceTree = "<group>"; };
		99607729282A9F02002B8229 /* CategoryViewController.swift */ = {isa = PBXFileReference; lastKnownFileType = sourcecode.swift; path = CategoryViewController.swift; sourceTree = "<group>"; };
		9960772C282AA152002B8229 /* TransactionView.swift */ = {isa = PBXFileReference; lastKnownFileType = sourcecode.swift; path = TransactionView.swift; sourceTree = "<group>"; };
		9960772E282BEF58002B8229 /* ViewInputOutput.swift */ = {isa = PBXFileReference; lastKnownFileType = sourcecode.swift; path = ViewInputOutput.swift; sourceTree = "<group>"; };
		99607731282C40E0002B8229 /* CategoryView.swift */ = {isa = PBXFileReference; lastKnownFileType = sourcecode.swift; path = CategoryView.swift; sourceTree = "<group>"; };
		996B44F4280EF41B00DB7552 /* AppLouco.app */ = {isa = PBXFileReference; explicitFileType = wrapper.application; includeInIndex = 0; path = AppLouco.app; sourceTree = BUILT_PRODUCTS_DIR; };
		996B44F7280EF41B00DB7552 /* AppDelegate.swift */ = {isa = PBXFileReference; lastKnownFileType = sourcecode.swift; path = AppDelegate.swift; sourceTree = "<group>"; };
		996B44F9280EF41B00DB7552 /* SceneDelegate.swift */ = {isa = PBXFileReference; lastKnownFileType = sourcecode.swift; path = SceneDelegate.swift; sourceTree = "<group>"; };
		996B4500280EF41E00DB7552 /* Assets.xcassets */ = {isa = PBXFileReference; lastKnownFileType = folder.assetcatalog; path = Assets.xcassets; sourceTree = "<group>"; };
		996B4503280EF41E00DB7552 /* Base */ = {isa = PBXFileReference; lastKnownFileType = file.storyboard; name = Base; path = Base.lproj/LaunchScreen.storyboard; sourceTree = "<group>"; };
		996B4505280EF41E00DB7552 /* Info.plist */ = {isa = PBXFileReference; lastKnownFileType = text.plist.xml; path = Info.plist; sourceTree = "<group>"; };
		996B450A280EF41E00DB7552 /* AppLoucoTests.xctest */ = {isa = PBXFileReference; explicitFileType = wrapper.cfbundle; includeInIndex = 0; path = AppLoucoTests.xctest; sourceTree = BUILT_PRODUCTS_DIR; };
		996B450E280EF41E00DB7552 /* AppLoucoTests.swift */ = {isa = PBXFileReference; lastKnownFileType = sourcecode.swift; path = AppLoucoTests.swift; sourceTree = "<group>"; };
		996B4514280EF41E00DB7552 /* AppLoucoUITests.xctest */ = {isa = PBXFileReference; explicitFileType = wrapper.cfbundle; includeInIndex = 0; path = AppLoucoUITests.xctest; sourceTree = BUILT_PRODUCTS_DIR; };
		996B4518280EF41E00DB7552 /* AppLoucoUITests.swift */ = {isa = PBXFileReference; lastKnownFileType = sourcecode.swift; path = AppLoucoUITests.swift; sourceTree = "<group>"; };
		996B451A280EF41E00DB7552 /* AppLoucoUITestsLaunchTests.swift */ = {isa = PBXFileReference; lastKnownFileType = sourcecode.swift; path = AppLoucoUITestsLaunchTests.swift; sourceTree = "<group>"; };
		996B452A280EF51500DB7552 /* TextFieldDefault.swift */ = {isa = PBXFileReference; lastKnownFileType = sourcecode.swift; path = TextFieldDefault.swift; sourceTree = "<group>"; };
		996B452F280EF56400DB7552 /* RegisterViewController.swift */ = {isa = PBXFileReference; lastKnownFileType = sourcecode.swift; path = RegisterViewController.swift; sourceTree = "<group>"; };
		996B4534280EF5AF00DB7552 /* RegisterView.swift */ = {isa = PBXFileReference; lastKnownFileType = sourcecode.swift; path = RegisterView.swift; sourceTree = "<group>"; };
		996B4537280EF60E00DB7552 /* LabelDefault.swift */ = {isa = PBXFileReference; lastKnownFileType = sourcecode.swift; path = LabelDefault.swift; sourceTree = "<group>"; };
		996B453A280EF7DC00DB7552 /* ButtonDefault.swift */ = {isa = PBXFileReference; lastKnownFileType = sourcecode.swift; path = ButtonDefault.swift; sourceTree = "<group>"; };
		996B453D280F03A400DB7552 /* RegisterViewConstraints.swift */ = {isa = PBXFileReference; lastKnownFileType = sourcecode.swift; path = RegisterViewConstraints.swift; sourceTree = "<group>"; };
		9975CD092810447300D6027A /* UIColor+.swift */ = {isa = PBXFileReference; lastKnownFileType = sourcecode.swift; path = "UIColor+.swift"; sourceTree = "<group>"; };
		9975CD0C2810460D00D6027A /* Coordinator.swift */ = {isa = PBXFileReference; lastKnownFileType = sourcecode.swift; path = Coordinator.swift; sourceTree = "<group>"; };
		9975CD1228106B0400D6027A /* UIView+.swift */ = {isa = PBXFileReference; lastKnownFileType = sourcecode.swift; path = "UIView+.swift"; sourceTree = "<group>"; };
		9975CD1428106E8400D6027A /* String+.swift */ = {isa = PBXFileReference; lastKnownFileType = sourcecode.swift; path = "String+.swift"; sourceTree = "<group>"; };
		9975CD19281080D600D6027A /* ViewControllerDefault.swift */ = {isa = PBXFileReference; lastKnownFileType = sourcecode.swift; path = ViewControllerDefault.swift; sourceTree = "<group>"; };
		9975CD1B2810863900D6027A /* ViewDefault.swift */ = {isa = PBXFileReference; lastKnownFileType = sourcecode.swift; path = ViewDefault.swift; sourceTree = "<group>"; };
		9975CD1D28108DBD00D6027A /* ScrollView+.swift */ = {isa = PBXFileReference; lastKnownFileType = sourcecode.swift; path = "ScrollView+.swift"; sourceTree = "<group>"; };
		9975CD1F28109AFC00D6027A /* Numeric+.swift */ = {isa = PBXFileReference; lastKnownFileType = sourcecode.swift; path = "Numeric+.swift"; sourceTree = "<group>"; };
		9975CD2128109B3C00D6027A /* Formatter+.swift */ = {isa = PBXFileReference; lastKnownFileType = sourcecode.swift; path = "Formatter+.swift"; sourceTree = "<group>"; };
		9975CD2428109F9200D6027A /* RegExp.swift */ = {isa = PBXFileReference; lastKnownFileType = sourcecode.swift; path = RegExp.swift; sourceTree = "<group>"; };
		9975CD2A2810B7AA00D6027A /* ToolbarPickerView.swift */ = {isa = PBXFileReference; lastKnownFileType = sourcecode.swift; path = ToolbarPickerView.swift; sourceTree = "<group>"; };
		9975CD2D2810BA7B00D6027A /* AgeEnums.swift */ = {isa = PBXFileReference; lastKnownFileType = sourcecode.swift; path = AgeEnums.swift; sourceTree = "<group>"; };
		99B995EC281C2119004ED88C /* ResumeCoordinator.swift */ = {isa = PBXFileReference; lastKnownFileType = sourcecode.swift; path = ResumeCoordinator.swift; sourceTree = "<group>"; };
		99B995EF281C2169004ED88C /* ResumeViewController.swift */ = {isa = PBXFileReference; lastKnownFileType = sourcecode.swift; path = ResumeViewController.swift; sourceTree = "<group>"; };
/* End PBXFileReference section */

/* Begin PBXFrameworksBuildPhase section */
		996B44F1280EF41B00DB7552 /* Frameworks */ = {
			isa = PBXFrameworksBuildPhase;
			buildActionMask = 2147483647;
			files = (
			);
			runOnlyForDeploymentPostprocessing = 0;
		};
		996B4507280EF41E00DB7552 /* Frameworks */ = {
			isa = PBXFrameworksBuildPhase;
			buildActionMask = 2147483647;
			files = (
			);
			runOnlyForDeploymentPostprocessing = 0;
		};
		996B4511280EF41E00DB7552 /* Frameworks */ = {
			isa = PBXFrameworksBuildPhase;
			buildActionMask = 2147483647;
			files = (
			);
			runOnlyForDeploymentPostprocessing = 0;
		};
/* End PBXFrameworksBuildPhase section */

/* Begin PBXGroup section */
		9950D8962819C66300CF6DFD /* Api */ = {
			isa = PBXGroup;
			children = (
				9950D89F281AC37700CF6DFD /* Provider */,
				9950D89C2819C86E00CF6DFD /* ViewModel */,
				9950D8992819C84E00CF6DFD /* Model */,
			);
			path = Api;
			sourceTree = "<group>";
		};
		9950D8992819C84E00CF6DFD /* Model */ = {
			isa = PBXGroup;
			children = (
				9950D89A2819C86100CF6DFD /* UserModel.swift */,
				9950D8A0281AC39200CF6DFD /* CEPModel.swift */,
				996076EB28201606002B8229 /* ProfileModel.swift */,
				993EDB0E282D3F1600BD2172 /* CategoryModel.swift */,
				993EDB12282D441500BD2172 /* TransactionModel.swift */,
			);
			path = Model;
			sourceTree = "<group>";
		};
		9950D89C2819C86E00CF6DFD /* ViewModel */ = {
			isa = PBXGroup;
			children = (
				9950D89D2819C88E00CF6DFD /* UserViewModel.swift */,
				9950D8A2281AC61E00CF6DFD /* CEPViewModel.swift */,
				996076ED28201700002B8229 /* ProfileViewModel.swift */,
				9960770F28240690002B8229 /* CoordinatorViewModel.swift */,
				99607711282406CF002B8229 /* AddressViewModel.swift */,
				993EDB0C282D1EE600BD2172 /* CategoryViewModel.swift */,
				993EDB14282D442A00BD2172 /* TransactionViewModel.swift */,
			);
			path = ViewModel;
			sourceTree = "<group>";
		};
		9950D89F281AC37700CF6DFD /* Provider */ = {
			isa = PBXGroup;
			children = (
				9915B006283D0CDB00D3586B /* CategoryProvider.swift */,
				9950D8A4281ACA9000CF6DFD /* CEPProvider.swift */,
				9950D8972819C6B600CF6DFD /* UserProvider.swift */,
			);
			path = Provider;
			sourceTree = "<group>";
		};
		9950D8A8281B0C5700CF6DFD /* Frameworks */ = {
			isa = PBXGroup;
			children = (
				9950D8A9281B0C5700CF6DFD /* Security.framework */,
			);
			name = Frameworks;
			sourceTree = "<group>";
		};
		9950D8AF281B2DC700CF6DFD /* Login */ = {
			isa = PBXGroup;
			children = (
				9950D8AD281B2A4800CF6DFD /* LoginViewController.swift */,
			);
			path = Login;
			sourceTree = "<group>";
		};
		9950D8B0281B2E3E00CF6DFD /* Login */ = {
			isa = PBXGroup;
			children = (
				9950D8B1281B2E5400CF6DFD /* LoginView.swift */,
				9950D8B3281B2EE900CF6DFD /* LoginViewConstraints.swift */,
			);
			path = Login;
			sourceTree = "<group>";
		};
		996076E52820134A002B8229 /* Profile */ = {
			isa = PBXGroup;
			children = (
				996076E62820135D002B8229 /* ProfileViewController.swift */,
			);
			path = Profile;
			sourceTree = "<group>";
		};
		996076E828201364002B8229 /* Profile */ = {
			isa = PBXGroup;
			children = (
				996076E928201373002B8229 /* ProfileView.swift */,
			);
			path = Profile;
			sourceTree = "<group>";
		};
		99607700282162E3002B8229 /* Resume */ = {
			isa = PBXGroup;
			children = (
				9960770128216300002B8229 /* ResumeView.swift */,
			);
			path = Resume;
			sourceTree = "<group>";
		};
		9960770328216CBE002B8229 /* Transaction */ = {
			isa = PBXGroup;
			children = (
				9960770428216CD2002B8229 /* TransactionViewController.swift */,
			);
			path = Transaction;
			sourceTree = "<group>";
		};
		99607708282400A6002B8229 /* Address */ = {
			isa = PBXGroup;
			children = (
				9960771828241CC4002B8229 /* AddressRegisterView.swift */,
				9960771928241CC4002B8229 /* AddressRegisterViewExtensions.swift */,
			);
			path = Address;
			sourceTree = "<group>";
		};
		9960771328240894002B8229 /* Address */ = {
			isa = PBXGroup;
			children = (
				99607714282408A3002B8229 /* AddressViewController.swift */,
			);
			path = Address;
			sourceTree = "<group>";
		};
		9960771F282A79FD002B8229 /* Tabbar */ = {
			isa = PBXGroup;
			children = (
				99607722282A7A78002B8229 /* HomeTabBarViewController.swift */,
			);
			path = Tabbar;
			sourceTree = "<group>";
		};
		99607728282A9EED002B8229 /* Category */ = {
			isa = PBXGroup;
			children = (
				99607729282A9F02002B8229 /* CategoryViewController.swift */,
				993EDB06282C541C00BD2172 /* AddCategoryViewController.swift */,
			);
			path = Category;
			sourceTree = "<group>";
		};
		9960772B282AA143002B8229 /* Transaction */ = {
			isa = PBXGroup;
			children = (
				9960772C282AA152002B8229 /* TransactionView.swift */,
				993EDB10282D412500BD2172 /* TransactionTableViewExtension.swift */,
				993EDB16282D4BB700BD2172 /* TransactionTableViewCell.swift */,
			);
			path = Transaction;
			sourceTree = "<group>";
		};
		99607730282C40C9002B8229 /* Category */ = {
			isa = PBXGroup;
			children = (
				99607731282C40E0002B8229 /* CategoryView.swift */,
				993EDB08282C549800BD2172 /* AddCategoryView.swift */,
			);
			path = Category;
			sourceTree = "<group>";
		};
		996B44EB280EF41B00DB7552 = {
			isa = PBXGroup;
			children = (
				996B44F6280EF41B00DB7552 /* AppLouco */,
				996B4527280EF49000DB7552 /* Source */,
				996B450D280EF41E00DB7552 /* AppLoucoTests */,
				996B4517280EF41E00DB7552 /* AppLoucoUITests */,
				996B44F5280EF41B00DB7552 /* Products */,
				9950D8A8281B0C5700CF6DFD /* Frameworks */,
			);
			sourceTree = "<group>";
		};
		996B44F5280EF41B00DB7552 /* Products */ = {
			isa = PBXGroup;
			children = (
				996B44F4280EF41B00DB7552 /* AppLouco.app */,
				996B450A280EF41E00DB7552 /* AppLoucoTests.xctest */,
				996B4514280EF41E00DB7552 /* AppLoucoUITests.xctest */,
			);
			name = Products;
			sourceTree = "<group>";
		};
		996B44F6280EF41B00DB7552 /* AppLouco */ = {
			isa = PBXGroup;
			children = (
				996B44F7280EF41B00DB7552 /* AppDelegate.swift */,
				996B44F9280EF41B00DB7552 /* SceneDelegate.swift */,
				996B4500280EF41E00DB7552 /* Assets.xcassets */,
				996B4502280EF41E00DB7552 /* LaunchScreen.storyboard */,
				996B4505280EF41E00DB7552 /* Info.plist */,
				9960771C2825B8ED002B8229 /* Model.xcdatamodeld */,
			);
			path = AppLouco;
			sourceTree = "<group>";
		};
		996B450D280EF41E00DB7552 /* AppLoucoTests */ = {
			isa = PBXGroup;
			children = (
				996B450E280EF41E00DB7552 /* AppLoucoTests.swift */,
			);
			path = AppLoucoTests;
			sourceTree = "<group>";
		};
		996B4517280EF41E00DB7552 /* AppLoucoUITests */ = {
			isa = PBXGroup;
			children = (
				996B4518280EF41E00DB7552 /* AppLoucoUITests.swift */,
				996B451A280EF41E00DB7552 /* AppLoucoUITestsLaunchTests.swift */,
			);
			path = AppLoucoUITests;
			sourceTree = "<group>";
		};
		996B4527280EF49000DB7552 /* Source */ = {
			isa = PBXGroup;
			children = (
				9950D8962819C66300CF6DFD /* Api */,
				9975CD0B281045FB00D6027A /* Coordinator */,
				996B4532280EF59800DB7552 /* Views */,
				996B452D280EF53B00DB7552 /* ViewControllers */,
				996B4528280EF4CC00DB7552 /* Infrastructure */,
			);
			path = Source;
			sourceTree = "<group>";
		};
		996B4528280EF4CC00DB7552 /* Infrastructure */ = {
			isa = PBXGroup;
			children = (
				9975CD2C2810BA6E00D6027A /* Enums */,
				9975CD2328109F8500D6027A /* Utils */,
				9975CD162810718600D6027A /* Constants */,
				9975CD082810446200D6027A /* Extensions */,
				996B4529280EF4E000DB7552 /* Components */,
			);
			path = Infrastructure;
			sourceTree = "<group>";
		};
		996B4529280EF4E000DB7552 /* Components */ = {
			isa = PBXGroup;
			children = (
				996B453A280EF7DC00DB7552 /* ButtonDefault.swift */,
				996B452A280EF51500DB7552 /* TextFieldDefault.swift */,
				996B4537280EF60E00DB7552 /* LabelDefault.swift */,
				9975CD19281080D600D6027A /* ViewControllerDefault.swift */,
				9975CD1B2810863900D6027A /* ViewDefault.swift */,
				9975CD2A2810B7AA00D6027A /* ToolbarPickerView.swift */,
				9960772E282BEF58002B8229 /* ViewInputOutput.swift */,
			);
			path = Components;
			sourceTree = "<group>";
		};
		996B452D280EF53B00DB7552 /* ViewControllers */ = {
			isa = PBXGroup;
			children = (
				9960771328240894002B8229 /* Address */,
				99607728282A9EED002B8229 /* Category */,
				9950D8AF281B2DC700CF6DFD /* Login */,
				996076E52820134A002B8229 /* Profile */,
				996B452E280EF54E00DB7552 /* Register */,
				99B995EE281C2159004ED88C /* Resume */,
				9960771F282A79FD002B8229 /* Tabbar */,
				9960770328216CBE002B8229 /* Transaction */,
			);
			path = ViewControllers;
			sourceTree = "<group>";
		};
		996B452E280EF54E00DB7552 /* Register */ = {
			isa = PBXGroup;
			children = (
				996B452F280EF56400DB7552 /* RegisterViewController.swift */,
			);
			path = Register;
			sourceTree = "<group>";
		};
		996B4532280EF59800DB7552 /* Views */ = {
			isa = PBXGroup;
			children = (
				99607708282400A6002B8229 /* Address */,
				99607730282C40C9002B8229 /* Category */,
				9950D8B0281B2E3E00CF6DFD /* Login */,
				996076E828201364002B8229 /* Profile */,
				996B4533280EF5A000DB7552 /* Register */,
				99607700282162E3002B8229 /* Resume */,
				9960772B282AA143002B8229 /* Transaction */,
			);
			path = Views;
			sourceTree = "<group>";
		};
		996B4533280EF5A000DB7552 /* Register */ = {
			isa = PBXGroup;
			children = (
				996B4534280EF5AF00DB7552 /* RegisterView.swift */,
				996B453D280F03A400DB7552 /* RegisterViewConstraints.swift */,
			);
			path = Register;
			sourceTree = "<group>";
		};
		9975CD082810446200D6027A /* Extensions */ = {
			isa = PBXGroup;
			children = (
				9975CD092810447300D6027A /* UIColor+.swift */,
				9975CD1228106B0400D6027A /* UIView+.swift */,
				9975CD1428106E8400D6027A /* String+.swift */,
				9975CD1D28108DBD00D6027A /* ScrollView+.swift */,
				9975CD1F28109AFC00D6027A /* Numeric+.swift */,
				9975CD2128109B3C00D6027A /* Formatter+.swift */,
				9950D89228197E9400CF6DFD /* Collection+.swift */,
				9950D89428197EA200CF6DFD /* StringProtocol+.swift */,
				9950D8A6281AFFBD00CF6DFD /* UIViewController+.swift */,
			);
			path = Extensions;
			sourceTree = "<group>";
		};
		9975CD0B281045FB00D6027A /* Coordinator */ = {
			isa = PBXGroup;
			children = (
				9960770D282405E9002B8229 /* AddressCoordinator.swift */,
				99607726282A9E64002B8229 /* CategoryCoordinator.swift */,
				9975CD0C2810460D00D6027A /* Coordinator.swift */,
				9950D8AB281B291700CF6DFD /* LoginCoordinator.swift */,
				996076E3282012D4002B8229 /* ProfileCoordinator.swift */,
				9960771628240A60002B8229 /* RegisterCoordinator.swift */,
				99B995EC281C2119004ED88C /* ResumeCoordinator.swift */,
				99607724282A7B5A002B8229 /* TabBarCoordinator.swift */,
				9960770628216D07002B8229 /* TransactionCoordinator.swift */,
				993EDB0A282C5AF200BD2172 /* AddCategoryCoordinator.swift */,
			);
			path = Coordinator;
			sourceTree = "<group>";
		};
		9975CD162810718600D6027A /* Constants */ = {
			isa = PBXGroup;
			children = (
			);
			path = Constants;
			sourceTree = "<group>";
		};
		9975CD2328109F8500D6027A /* Utils */ = {
			isa = PBXGroup;
			children = (
				9975CD2428109F9200D6027A /* RegExp.swift */,
				9950D8B5281B376F00CF6DFD /* KeychainHelper.swift */,
			);
			path = Utils;
			sourceTree = "<group>";
		};
		9975CD2C2810BA6E00D6027A /* Enums */ = {
			isa = PBXGroup;
			children = (
				9975CD2D2810BA7B00D6027A /* AgeEnums.swift */,
				9950D890281974B900CF6DFD /* GenderEnums.swift */,
			);
			path = Enums;
			sourceTree = "<group>";
		};
		99B995EE281C2159004ED88C /* Resume */ = {
			isa = PBXGroup;
			children = (
				99B995EF281C2169004ED88C /* ResumeViewController.swift */,
			);
			path = Resume;
			sourceTree = "<group>";
		};
/* End PBXGroup section */

/* Begin PBXNativeTarget section */
		996B44F3280EF41B00DB7552 /* AppLouco */ = {
			isa = PBXNativeTarget;
			buildConfigurationList = 996B451E280EF41E00DB7552 /* Build configuration list for PBXNativeTarget "AppLouco" */;
			buildPhases = (
				996B44F0280EF41B00DB7552 /* Sources */,
				996B44F1280EF41B00DB7552 /* Frameworks */,
				996B44F2280EF41B00DB7552 /* Resources */,
			);
			buildRules = (
			);
			dependencies = (
			);
			name = AppLouco;
			packageProductDependencies = (
			);
			productName = AppLouco;
			productReference = 996B44F4280EF41B00DB7552 /* AppLouco.app */;
			productType = "com.apple.product-type.application";
		};
		996B4509280EF41E00DB7552 /* AppLoucoTests */ = {
			isa = PBXNativeTarget;
			buildConfigurationList = 996B4521280EF41E00DB7552 /* Build configuration list for PBXNativeTarget "AppLoucoTests" */;
			buildPhases = (
				996B4506280EF41E00DB7552 /* Sources */,
				996B4507280EF41E00DB7552 /* Frameworks */,
				996B4508280EF41E00DB7552 /* Resources */,
			);
			buildRules = (
			);
			dependencies = (
				996B450C280EF41E00DB7552 /* PBXTargetDependency */,
			);
			name = AppLoucoTests;
			productName = AppLoucoTests;
			productReference = 996B450A280EF41E00DB7552 /* AppLoucoTests.xctest */;
			productType = "com.apple.product-type.bundle.unit-test";
		};
		996B4513280EF41E00DB7552 /* AppLoucoUITests */ = {
			isa = PBXNativeTarget;
			buildConfigurationList = 996B4524280EF41E00DB7552 /* Build configuration list for PBXNativeTarget "AppLoucoUITests" */;
			buildPhases = (
				996B4510280EF41E00DB7552 /* Sources */,
				996B4511280EF41E00DB7552 /* Frameworks */,
				996B4512280EF41E00DB7552 /* Resources */,
			);
			buildRules = (
			);
			dependencies = (
				996B4516280EF41E00DB7552 /* PBXTargetDependency */,
			);
			name = AppLoucoUITests;
			productName = AppLoucoUITests;
			productReference = 996B4514280EF41E00DB7552 /* AppLoucoUITests.xctest */;
			productType = "com.apple.product-type.bundle.ui-testing";
		};
/* End PBXNativeTarget section */

/* Begin PBXProject section */
		996B44EC280EF41B00DB7552 /* Project object */ = {
			isa = PBXProject;
			attributes = {
				BuildIndependentTargetsInParallel = 1;
				LastSwiftUpdateCheck = 1330;
				LastUpgradeCheck = 1330;
				TargetAttributes = {
					996B44F3280EF41B00DB7552 = {
						CreatedOnToolsVersion = 13.3;
					};
					996B4509280EF41E00DB7552 = {
						CreatedOnToolsVersion = 13.3;
						TestTargetID = 996B44F3280EF41B00DB7552;
					};
					996B4513280EF41E00DB7552 = {
						CreatedOnToolsVersion = 13.3;
						TestTargetID = 996B44F3280EF41B00DB7552;
					};
				};
			};
			buildConfigurationList = 996B44EF280EF41B00DB7552 /* Build configuration list for PBXProject "AppLouco" */;
			compatibilityVersion = "Xcode 13.0";
			developmentRegion = en;
			hasScannedForEncodings = 0;
			knownRegions = (
				en,
				Base,
			);
			mainGroup = 996B44EB280EF41B00DB7552;
			packageReferences = (
			);
			productRefGroup = 996B44F5280EF41B00DB7552 /* Products */;
			projectDirPath = "";
			projectRoot = "";
			targets = (
				996B44F3280EF41B00DB7552 /* AppLouco */,
				996B4509280EF41E00DB7552 /* AppLoucoTests */,
				996B4513280EF41E00DB7552 /* AppLoucoUITests */,
			);
		};
/* End PBXProject section */

/* Begin PBXResourcesBuildPhase section */
		996B44F2280EF41B00DB7552 /* Resources */ = {
			isa = PBXResourcesBuildPhase;
			buildActionMask = 2147483647;
			files = (
				996B4504280EF41E00DB7552 /* LaunchScreen.storyboard in Resources */,
				996B4501280EF41E00DB7552 /* Assets.xcassets in Resources */,
			);
			runOnlyForDeploymentPostprocessing = 0;
		};
		996B4508280EF41E00DB7552 /* Resources */ = {
			isa = PBXResourcesBuildPhase;
			buildActionMask = 2147483647;
			files = (
			);
			runOnlyForDeploymentPostprocessing = 0;
		};
		996B4512280EF41E00DB7552 /* Resources */ = {
			isa = PBXResourcesBuildPhase;
			buildActionMask = 2147483647;
			files = (
			);
			runOnlyForDeploymentPostprocessing = 0;
		};
/* End PBXResourcesBuildPhase section */

/* Begin PBXSourcesBuildPhase section */
		996B44F0280EF41B00DB7552 /* Sources */ = {
			isa = PBXSourcesBuildPhase;
			buildActionMask = 2147483647;
			files = (
				9950D8A3281AC61E00CF6DFD /* CEPViewModel.swift in Sources */,
				9960771028240690002B8229 /* CoordinatorViewModel.swift in Sources */,
				996B453E280F03A400DB7552 /* RegisterViewConstraints.swift in Sources */,
				9950D89E2819C88E00CF6DFD /* UserViewModel.swift in Sources */,
				9950D8A5281ACA9000CF6DFD /* CEPProvider.swift in Sources */,
				9960771E2825B8ED002B8229 /* Model.xcdatamodeld in Sources */,
				993EDB09282C549800BD2172 /* AddCategoryView.swift in Sources */,
				99607715282408A3002B8229 /* AddressViewController.swift in Sources */,
				996076EA28201373002B8229 /* ProfileView.swift in Sources */,
				9950D891281974B900CF6DFD /* GenderEnums.swift in Sources */,
				9975CD0A2810447300D6027A /* UIColor+.swift in Sources */,
				9960772F282BEF58002B8229 /* ViewInputOutput.swift in Sources */,
				99607725282A7B5A002B8229 /* TabBarCoordinator.swift in Sources */,
				993EDB0F282D3F1600BD2172 /* CategoryModel.swift in Sources */,
				9960772D282AA152002B8229 /* TransactionView.swift in Sources */,
				9975CD0D2810460D00D6027A /* Coordinator.swift in Sources */,
				99607732282C40E0002B8229 /* CategoryView.swift in Sources */,
				9975CD2B2810B7AA00D6027A /* ToolbarPickerView.swift in Sources */,
				9975CD1C2810863900D6027A /* ViewDefault.swift in Sources */,
				996076EC28201606002B8229 /* ProfileModel.swift in Sources */,
				993EDB0B282C5AF200BD2172 /* AddCategoryCoordinator.swift in Sources */,
				996B4530280EF56400DB7552 /* RegisterViewController.swift in Sources */,
				9960771B28241CC4002B8229 /* AddressRegisterViewExtensions.swift in Sources */,
				996B44F8280EF41B00DB7552 /* AppDelegate.swift in Sources */,
				9950D8A1281AC39200CF6DFD /* CEPModel.swift in Sources */,
				996B4535280EF5AF00DB7552 /* RegisterView.swift in Sources */,
				9960771A28241CC4002B8229 /* AddressRegisterView.swift in Sources */,
				9960770528216CD2002B8229 /* TransactionViewController.swift in Sources */,
				9960770728216D07002B8229 /* TransactionCoordinator.swift in Sources */,
				9960772A282A9F02002B8229 /* CategoryViewController.swift in Sources */,
				9950D8AC281B291700CF6DFD /* LoginCoordinator.swift in Sources */,
				9975CD2228109B3C00D6027A /* Formatter+.swift in Sources */,
				9975CD1328106B0400D6027A /* UIView+.swift in Sources */,
				99607712282406CF002B8229 /* AddressViewModel.swift in Sources */,
				993EDB07282C541C00BD2172 /* AddCategoryViewController.swift in Sources */,
				9975CD2028109AFC00D6027A /* Numeric+.swift in Sources */,
				9975CD2E2810BA7B00D6027A /* AgeEnums.swift in Sources */,
				9950D89528197EA200CF6DFD /* StringProtocol+.swift in Sources */,
				9950D8AE281B2A4800CF6DFD /* LoginViewController.swift in Sources */,
				993EDB13282D441500BD2172 /* TransactionModel.swift in Sources */,
				9950D8B6281B376F00CF6DFD /* KeychainHelper.swift in Sources */,
				9950D8A7281AFFBD00CF6DFD /* UIViewController+.swift in Sources */,
				9915B007283D0CDB00D3586B /* CategoryProvider.swift in Sources */,
				9960770228216300002B8229 /* ResumeView.swift in Sources */,
				993EDB11282D412500BD2172 /* TransactionTableViewExtension.swift in Sources */,
				9960770E282405E9002B8229 /* AddressCoordinator.swift in Sources */,
				9950D8B4281B2EE900CF6DFD /* LoginViewConstraints.swift in Sources */,
				9975CD1A281080D600D6027A /* ViewControllerDefault.swift in Sources */,
				9975CD2528109F9200D6027A /* RegExp.swift in Sources */,
				9950D8982819C6B600CF6DFD /* UserProvider.swift in Sources */,
				996B44FA280EF41B00DB7552 /* SceneDelegate.swift in Sources */,
				9975CD1E28108DBD00D6027A /* ScrollView+.swift in Sources */,
				99607727282A9E64002B8229 /* CategoryCoordinator.swift in Sources */,
				996B4538280EF60E00DB7552 /* LabelDefault.swift in Sources */,
				9950D89B2819C86100CF6DFD /* UserModel.swift in Sources */,
				9960771728240A60002B8229 /* RegisterCoordinator.swift in Sources */,
				99607723282A7A78002B8229 /* HomeTabBarViewController.swift in Sources */,
				99B995F0281C2169004ED88C /* ResumeViewController.swift in Sources */,
				996076E72820135D002B8229 /* ProfileViewController.swift in Sources */,
				996076EE28201700002B8229 /* ProfileViewModel.swift in Sources */,
				996B452B280EF51500DB7552 /* TextFieldDefault.swift in Sources */,
				99B995ED281C2119004ED88C /* ResumeCoordinator.swift in Sources */,
				993EDB17282D4BB700BD2172 /* TransactionTableViewCell.swift in Sources */,
				9975CD1528106E8400D6027A /* String+.swift in Sources */,
				996B453B280EF7DC00DB7552 /* ButtonDefault.swift in Sources */,
				993EDB15282D442A00BD2172 /* TransactionViewModel.swift in Sources */,
				993EDB0D282D1EE600BD2172 /* CategoryViewModel.swift in Sources */,
				9950D8B2281B2E5400CF6DFD /* LoginView.swift in Sources */,
				996076E4282012D4002B8229 /* ProfileCoordinator.swift in Sources */,
				9950D89328197E9400CF6DFD /* Collection+.swift in Sources */,
			);
			runOnlyForDeploymentPostprocessing = 0;
		};
		996B4506280EF41E00DB7552 /* Sources */ = {
			isa = PBXSourcesBuildPhase;
			buildActionMask = 2147483647;
			files = (
				996B4531280EF56400DB7552 /* RegisterViewController.swift in Sources */,
				996B4536280EF5AF00DB7552 /* RegisterView.swift in Sources */,
				996B453F280F03A400DB7552 /* RegisterViewConstraints.swift in Sources */,
				996B450F280EF41E00DB7552 /* AppLoucoTests.swift in Sources */,
				996B453C280EF7DC00DB7552 /* ButtonDefault.swift in Sources */,
				996B452C280EF51500DB7552 /* TextFieldDefault.swift in Sources */,
				996B4539280EF60E00DB7552 /* LabelDefault.swift in Sources */,
			);
			runOnlyForDeploymentPostprocessing = 0;
		};
		996B4510280EF41E00DB7552 /* Sources */ = {
			isa = PBXSourcesBuildPhase;
			buildActionMask = 2147483647;
			files = (
				996B451B280EF41E00DB7552 /* AppLoucoUITestsLaunchTests.swift in Sources */,
				996B4519280EF41E00DB7552 /* AppLoucoUITests.swift in Sources */,
			);
			runOnlyForDeploymentPostprocessing = 0;
		};
/* End PBXSourcesBuildPhase section */

/* Begin PBXTargetDependency section */
		996B450C280EF41E00DB7552 /* PBXTargetDependency */ = {
			isa = PBXTargetDependency;
			target = 996B44F3280EF41B00DB7552 /* AppLouco */;
			targetProxy = 996B450B280EF41E00DB7552 /* PBXContainerItemProxy */;
		};
		996B4516280EF41E00DB7552 /* PBXTargetDependency */ = {
			isa = PBXTargetDependency;
			target = 996B44F3280EF41B00DB7552 /* AppLouco */;
			targetProxy = 996B4515280EF41E00DB7552 /* PBXContainerItemProxy */;
		};
/* End PBXTargetDependency section */

/* Begin PBXVariantGroup section */
		996B4502280EF41E00DB7552 /* LaunchScreen.storyboard */ = {
			isa = PBXVariantGroup;
			children = (
				996B4503280EF41E00DB7552 /* Base */,
			);
			name = LaunchScreen.storyboard;
			sourceTree = "<group>";
		};
/* End PBXVariantGroup section */

/* Begin XCBuildConfiguration section */
		996B451C280EF41E00DB7552 /* Debug */ = {
			isa = XCBuildConfiguration;
			buildSettings = {
				ALWAYS_SEARCH_USER_PATHS = NO;
				CLANG_ANALYZER_NONNULL = YES;
				CLANG_ANALYZER_NUMBER_OBJECT_CONVERSION = YES_AGGRESSIVE;
				CLANG_CXX_LANGUAGE_STANDARD = "gnu++17";
				CLANG_ENABLE_MODULES = YES;
				CLANG_ENABLE_OBJC_ARC = YES;
				CLANG_ENABLE_OBJC_WEAK = YES;
				CLANG_WARN_BLOCK_CAPTURE_AUTORELEASING = YES;
				CLANG_WARN_BOOL_CONVERSION = YES;
				CLANG_WARN_COMMA = YES;
				CLANG_WARN_CONSTANT_CONVERSION = YES;
				CLANG_WARN_DEPRECATED_OBJC_IMPLEMENTATIONS = YES;
				CLANG_WARN_DIRECT_OBJC_ISA_USAGE = YES_ERROR;
				CLANG_WARN_DOCUMENTATION_COMMENTS = YES;
				CLANG_WARN_EMPTY_BODY = YES;
				CLANG_WARN_ENUM_CONVERSION = YES;
				CLANG_WARN_INFINITE_RECURSION = YES;
				CLANG_WARN_INT_CONVERSION = YES;
				CLANG_WARN_NON_LITERAL_NULL_CONVERSION = YES;
				CLANG_WARN_OBJC_IMPLICIT_RETAIN_SELF = YES;
				CLANG_WARN_OBJC_LITERAL_CONVERSION = YES;
				CLANG_WARN_OBJC_ROOT_CLASS = YES_ERROR;
				CLANG_WARN_QUOTED_INCLUDE_IN_FRAMEWORK_HEADER = YES;
				CLANG_WARN_RANGE_LOOP_ANALYSIS = YES;
				CLANG_WARN_STRICT_PROTOTYPES = YES;
				CLANG_WARN_SUSPICIOUS_MOVE = YES;
				CLANG_WARN_UNGUARDED_AVAILABILITY = YES_AGGRESSIVE;
				CLANG_WARN_UNREACHABLE_CODE = YES;
				CLANG_WARN__DUPLICATE_METHOD_MATCH = YES;
				COPY_PHASE_STRIP = NO;
				DEBUG_INFORMATION_FORMAT = dwarf;
				ENABLE_STRICT_OBJC_MSGSEND = YES;
				ENABLE_TESTABILITY = YES;
				GCC_C_LANGUAGE_STANDARD = gnu11;
				GCC_DYNAMIC_NO_PIC = NO;
				GCC_NO_COMMON_BLOCKS = YES;
				GCC_OPTIMIZATION_LEVEL = 0;
				GCC_PREPROCESSOR_DEFINITIONS = (
					"DEBUG=1",
					"$(inherited)",
				);
				GCC_WARN_64_TO_32_BIT_CONVERSION = YES;
				GCC_WARN_ABOUT_RETURN_TYPE = YES_ERROR;
				GCC_WARN_UNDECLARED_SELECTOR = YES;
				GCC_WARN_UNINITIALIZED_AUTOS = YES_AGGRESSIVE;
				GCC_WARN_UNUSED_FUNCTION = YES;
				GCC_WARN_UNUSED_VARIABLE = YES;
				IPHONEOS_DEPLOYMENT_TARGET = 15.4;
				MTL_ENABLE_DEBUG_INFO = INCLUDE_SOURCE;
				MTL_FAST_MATH = YES;
				ONLY_ACTIVE_ARCH = YES;
				SDKROOT = iphoneos;
				SWIFT_ACTIVE_COMPILATION_CONDITIONS = DEBUG;
				SWIFT_OPTIMIZATION_LEVEL = "-Onone";
			};
			name = Debug;
		};
		996B451D280EF41E00DB7552 /* Release */ = {
			isa = XCBuildConfiguration;
			buildSettings = {
				ALWAYS_SEARCH_USER_PATHS = NO;
				CLANG_ANALYZER_NONNULL = YES;
				CLANG_ANALYZER_NUMBER_OBJECT_CONVERSION = YES_AGGRESSIVE;
				CLANG_CXX_LANGUAGE_STANDARD = "gnu++17";
				CLANG_ENABLE_MODULES = YES;
				CLANG_ENABLE_OBJC_ARC = YES;
				CLANG_ENABLE_OBJC_WEAK = YES;
				CLANG_WARN_BLOCK_CAPTURE_AUTORELEASING = YES;
				CLANG_WARN_BOOL_CONVERSION = YES;
				CLANG_WARN_COMMA = YES;
				CLANG_WARN_CONSTANT_CONVERSION = YES;
				CLANG_WARN_DEPRECATED_OBJC_IMPLEMENTATIONS = YES;
				CLANG_WARN_DIRECT_OBJC_ISA_USAGE = YES_ERROR;
				CLANG_WARN_DOCUMENTATION_COMMENTS = YES;
				CLANG_WARN_EMPTY_BODY = YES;
				CLANG_WARN_ENUM_CONVERSION = YES;
				CLANG_WARN_INFINITE_RECURSION = YES;
				CLANG_WARN_INT_CONVERSION = YES;
				CLANG_WARN_NON_LITERAL_NULL_CONVERSION = YES;
				CLANG_WARN_OBJC_IMPLICIT_RETAIN_SELF = YES;
				CLANG_WARN_OBJC_LITERAL_CONVERSION = YES;
				CLANG_WARN_OBJC_ROOT_CLASS = YES_ERROR;
				CLANG_WARN_QUOTED_INCLUDE_IN_FRAMEWORK_HEADER = YES;
				CLANG_WARN_RANGE_LOOP_ANALYSIS = YES;
				CLANG_WARN_STRICT_PROTOTYPES = YES;
				CLANG_WARN_SUSPICIOUS_MOVE = YES;
				CLANG_WARN_UNGUARDED_AVAILABILITY = YES_AGGRESSIVE;
				CLANG_WARN_UNREACHABLE_CODE = YES;
				CLANG_WARN__DUPLICATE_METHOD_MATCH = YES;
				COPY_PHASE_STRIP = NO;
				DEBUG_INFORMATION_FORMAT = "dwarf-with-dsym";
				ENABLE_NS_ASSERTIONS = NO;
				ENABLE_STRICT_OBJC_MSGSEND = YES;
				GCC_C_LANGUAGE_STANDARD = gnu11;
				GCC_NO_COMMON_BLOCKS = YES;
				GCC_WARN_64_TO_32_BIT_CONVERSION = YES;
				GCC_WARN_ABOUT_RETURN_TYPE = YES_ERROR;
				GCC_WARN_UNDECLARED_SELECTOR = YES;
				GCC_WARN_UNINITIALIZED_AUTOS = YES_AGGRESSIVE;
				GCC_WARN_UNUSED_FUNCTION = YES;
				GCC_WARN_UNUSED_VARIABLE = YES;
				IPHONEOS_DEPLOYMENT_TARGET = 15.4;
				MTL_ENABLE_DEBUG_INFO = NO;
				MTL_FAST_MATH = YES;
				SDKROOT = iphoneos;
				SWIFT_COMPILATION_MODE = wholemodule;
				SWIFT_OPTIMIZATION_LEVEL = "-O";
				VALIDATE_PRODUCT = YES;
			};
			name = Release;
		};
		996B451F280EF41E00DB7552 /* Debug */ = {
			isa = XCBuildConfiguration;
			buildSettings = {
				ASSETCATALOG_COMPILER_APPICON_NAME = AppIcon;
				ASSETCATALOG_COMPILER_GLOBAL_ACCENT_COLOR_NAME = AccentColor;
				CODE_SIGN_STYLE = Automatic;
				CURRENT_PROJECT_VERSION = 1;
				DEVELOPMENT_TEAM = U847YAAMJ9;
				GENERATE_INFOPLIST_FILE = YES;
				INFOPLIST_FILE = AppLouco/Info.plist;
				INFOPLIST_KEY_UIApplicationSupportsIndirectInputEvents = YES;
				INFOPLIST_KEY_UILaunchStoryboardName = LaunchScreen;
				INFOPLIST_KEY_UISupportedInterfaceOrientations_iPad = "UIInterfaceOrientationPortrait UIInterfaceOrientationPortraitUpsideDown UIInterfaceOrientationLandscapeLeft UIInterfaceOrientationLandscapeRight";
				INFOPLIST_KEY_UISupportedInterfaceOrientations_iPhone = "UIInterfaceOrientationPortrait UIInterfaceOrientationLandscapeLeft UIInterfaceOrientationLandscapeRight";
				LD_RUNPATH_SEARCH_PATHS = (
					"$(inherited)",
					"@executable_path/Frameworks",
				);
				MARKETING_VERSION = 1.0;
				PRODUCT_BUNDLE_IDENTIFIER = br.com.mobilesapp.AppLouco;
				PRODUCT_NAME = "$(TARGET_NAME)";
				SWIFT_EMIT_LOC_STRINGS = YES;
				SWIFT_VERSION = 5.0;
				TARGETED_DEVICE_FAMILY = "1,2";
			};
			name = Debug;
		};
		996B4520280EF41E00DB7552 /* Release */ = {
			isa = XCBuildConfiguration;
			buildSettings = {
				ASSETCATALOG_COMPILER_APPICON_NAME = AppIcon;
				ASSETCATALOG_COMPILER_GLOBAL_ACCENT_COLOR_NAME = AccentColor;
				CODE_SIGN_STYLE = Automatic;
				CURRENT_PROJECT_VERSION = 1;
				DEVELOPMENT_TEAM = U847YAAMJ9;
				GENERATE_INFOPLIST_FILE = YES;
				INFOPLIST_FILE = AppLouco/Info.plist;
				INFOPLIST_KEY_UIApplicationSupportsIndirectInputEvents = YES;
				INFOPLIST_KEY_UILaunchStoryboardName = LaunchScreen;
				INFOPLIST_KEY_UISupportedInterfaceOrientations_iPad = "UIInterfaceOrientationPortrait UIInterfaceOrientationPortraitUpsideDown UIInterfaceOrientationLandscapeLeft UIInterfaceOrientationLandscapeRight";
				INFOPLIST_KEY_UISupportedInterfaceOrientations_iPhone = "UIInterfaceOrientationPortrait UIInterfaceOrientationLandscapeLeft UIInterfaceOrientationLandscapeRight";
				LD_RUNPATH_SEARCH_PATHS = (
					"$(inherited)",
					"@executable_path/Frameworks",
				);
				MARKETING_VERSION = 1.0;
				PRODUCT_BUNDLE_IDENTIFIER = br.com.mobilesapp.AppLouco;
				PRODUCT_NAME = "$(TARGET_NAME)";
				SWIFT_EMIT_LOC_STRINGS = YES;
				SWIFT_VERSION = 5.0;
				TARGETED_DEVICE_FAMILY = "1,2";
			};
			name = Release;
		};
		996B4522280EF41E00DB7552 /* Debug */ = {
			isa = XCBuildConfiguration;
			buildSettings = {
				ALWAYS_EMBED_SWIFT_STANDARD_LIBRARIES = YES;
				BUNDLE_LOADER = "$(TEST_HOST)";
				CODE_SIGN_STYLE = Automatic;
				CURRENT_PROJECT_VERSION = 1;
				DEVELOPMENT_TEAM = U847YAAMJ9;
				GENERATE_INFOPLIST_FILE = YES;
				IPHONEOS_DEPLOYMENT_TARGET = 15.4;
				MARKETING_VERSION = 1.0;
				PRODUCT_BUNDLE_IDENTIFIER = br.com.mobilesapp.AppLoucoTests;
				PRODUCT_NAME = "$(TARGET_NAME)";
				SWIFT_EMIT_LOC_STRINGS = NO;
				SWIFT_VERSION = 5.0;
				TARGETED_DEVICE_FAMILY = "1,2";
				TEST_HOST = "$(BUILT_PRODUCTS_DIR)/AppLouco.app/AppLouco";
			};
			name = Debug;
		};
		996B4523280EF41E00DB7552 /* Release */ = {
			isa = XCBuildConfiguration;
			buildSettings = {
				ALWAYS_EMBED_SWIFT_STANDARD_LIBRARIES = YES;
				BUNDLE_LOADER = "$(TEST_HOST)";
				CODE_SIGN_STYLE = Automatic;
				CURRENT_PROJECT_VERSION = 1;
				DEVELOPMENT_TEAM = U847YAAMJ9;
				GENERATE_INFOPLIST_FILE = YES;
				IPHONEOS_DEPLOYMENT_TARGET = 15.4;
				MARKETING_VERSION = 1.0;
				PRODUCT_BUNDLE_IDENTIFIER = br.com.mobilesapp.AppLoucoTests;
				PRODUCT_NAME = "$(TARGET_NAME)";
				SWIFT_EMIT_LOC_STRINGS = NO;
				SWIFT_VERSION = 5.0;
				TARGETED_DEVICE_FAMILY = "1,2";
				TEST_HOST = "$(BUILT_PRODUCTS_DIR)/AppLouco.app/AppLouco";
			};
			name = Release;
		};
		996B4525280EF41E00DB7552 /* Debug */ = {
			isa = XCBuildConfiguration;
			buildSettings = {
				ALWAYS_EMBED_SWIFT_STANDARD_LIBRARIES = YES;
				CODE_SIGN_STYLE = Automatic;
				CURRENT_PROJECT_VERSION = 1;
				DEVELOPMENT_TEAM = U847YAAMJ9;
				GENERATE_INFOPLIST_FILE = YES;
				MARKETING_VERSION = 1.0;
				PRODUCT_BUNDLE_IDENTIFIER = br.com.mobilesapp.AppLoucoUITests;
				PRODUCT_NAME = "$(TARGET_NAME)";
				SWIFT_EMIT_LOC_STRINGS = NO;
				SWIFT_VERSION = 5.0;
				TARGETED_DEVICE_FAMILY = "1,2";
				TEST_TARGET_NAME = AppLouco;
			};
			name = Debug;
		};
		996B4526280EF41E00DB7552 /* Release */ = {
			isa = XCBuildConfiguration;
			buildSettings = {
				ALWAYS_EMBED_SWIFT_STANDARD_LIBRARIES = YES;
				CODE_SIGN_STYLE = Automatic;
				CURRENT_PROJECT_VERSION = 1;
				DEVELOPMENT_TEAM = U847YAAMJ9;
				GENERATE_INFOPLIST_FILE = YES;
				MARKETING_VERSION = 1.0;
				PRODUCT_BUNDLE_IDENTIFIER = br.com.mobilesapp.AppLoucoUITests;
				PRODUCT_NAME = "$(TARGET_NAME)";
				SWIFT_EMIT_LOC_STRINGS = NO;
				SWIFT_VERSION = 5.0;
				TARGETED_DEVICE_FAMILY = "1,2";
				TEST_TARGET_NAME = AppLouco;
			};
			name = Release;
		};
/* End XCBuildConfiguration section */

/* Begin XCConfigurationList section */
		996B44EF280EF41B00DB7552 /* Build configuration list for PBXProject "AppLouco" */ = {
			isa = XCConfigurationList;
			buildConfigurations = (
				996B451C280EF41E00DB7552 /* Debug */,
				996B451D280EF41E00DB7552 /* Release */,
			);
			defaultConfigurationIsVisible = 0;
			defaultConfigurationName = Release;
		};
		996B451E280EF41E00DB7552 /* Build configuration list for PBXNativeTarget "AppLouco" */ = {
			isa = XCConfigurationList;
			buildConfigurations = (
				996B451F280EF41E00DB7552 /* Debug */,
				996B4520280EF41E00DB7552 /* Release */,
			);
			defaultConfigurationIsVisible = 0;
			defaultConfigurationName = Release;
		};
		996B4521280EF41E00DB7552 /* Build configuration list for PBXNativeTarget "AppLoucoTests" */ = {
			isa = XCConfigurationList;
			buildConfigurations = (
				996B4522280EF41E00DB7552 /* Debug */,
				996B4523280EF41E00DB7552 /* Release */,
			);
			defaultConfigurationIsVisible = 0;
			defaultConfigurationName = Release;
		};
		996B4524280EF41E00DB7552 /* Build configuration list for PBXNativeTarget "AppLoucoUITests" */ = {
			isa = XCConfigurationList;
			buildConfigurations = (
				996B4525280EF41E00DB7552 /* Debug */,
				996B4526280EF41E00DB7552 /* Release */,
			);
			defaultConfigurationIsVisible = 0;
			defaultConfigurationName = Release;
		};
/* End XCConfigurationList section */

/* Begin XCVersionGroup section */
		9960771C2825B8ED002B8229 /* Model.xcdatamodeld */ = {
			isa = XCVersionGroup;
			children = (
				9960771D2825B8ED002B8229 /* Model.xcdatamodel */,
			);
			currentVersion = 9960771D2825B8ED002B8229 /* Model.xcdatamodel */;
			path = Model.xcdatamodeld;
			sourceTree = "<group>";
			versionGroupType = wrapper.xcdatamodel;
		};
/* End XCVersionGroup section */
	};
	rootObject = 996B44EC280EF41B00DB7552 /* Project object */;
}
